
Microsoft Visual Studio Solution File, Format Version 12.00
# Visual Studio Version 17
VisualStudioVersion = 17.5.002.0
MinimumVisualStudioVersion = 10.0.40219.1
Project("{2150E333-8FDC-42A3-9474-1A3956D46DE8}") = "sandbox", "sandbox", "{2DD42244-FCDB-48B8-B602-FE19DBF6C8E1}"
EndProject
Project("{9A19103F-16F7-4668-BE54-9A1E7A4F7556}") = "sandbox_project", "sandbox\sandbox_project\sandbox_project.csproj", "{DCDC22CD-5BA2-4574-9DD4-FB570F383515}"
EndProject
Project("{2150E333-8FDC-42A3-9474-1A3956D46DE8}") = "week01", "week01", "{9536A19C-9B08-4F58-809F-DF5CACDF633B}"
EndProject
Project("{9A19103F-16F7-4668-BE54-9A1E7A4F7556}") = "analyze", "week01\analyze\analyze.csproj", "{12C78EC9-2D64-4B52-B6AB-CE024B604BC0}"
EndProject
Project("{9A19103F-16F7-4668-BE54-9A1E7A4F7556}") = "code", "week01\code\code.csproj", "{D3F05B20-6E02-4B79-822F-2F318D5236F1}"
EndProject
Project("{9A19103F-16F7-4668-BE54-9A1E7A4F7556}") = "teach", "week01\teach\teach.csproj", "{98DB3E87-4C1A-4781-910C-2018A2D292C7}"
EndProject
Project("{2150E333-8FDC-42A3-9474-1A3956D46DE8}") = "week02", "week02", "{66008782-701F-4A61-ABC0-D24D325102E4}"
EndProject
Project("{9A19103F-16F7-4668-BE54-9A1E7A4F7556}") = "analyze", "week02\analyze\analyze.csproj", "{B904AC2F-89DC-4B00-9F1E-E1B5447A1F3B}"
EndProject
Project("{9A19103F-16F7-4668-BE54-9A1E7A4F7556}") = "code", "week02\code\code.csproj", "{A8AE2F45-6D1B-4242-A03F-32FCF5190ECA}"
EndProject
Project("{9A19103F-16F7-4668-BE54-9A1E7A4F7556}") = "learn", "week02\learn\learn.csproj", "{78792548-5F67-4D7D-B2BD-AEFB9D705870}"
EndProject
Project("{9A19103F-16F7-4668-BE54-9A1E7A4F7556}") = "teach", "week02\teach\teach.csproj", "{8E7A4C1D-56F8-4A8D-859C-E2C55D7A5F64}"
EndProject
Project("{2150E333-8FDC-42A3-9474-1A3956D46DE8}") = "week03", "week03", "{676AA854-A56A-454D-8B14-D9AE5DF87D39}"
EndProject
Project("{9A19103F-16F7-4668-BE54-9A1E7A4F7556}") = "code", "week03\code\code.csproj", "{EEBB0213-E976-4FE4-AD7F-C93663A86FAE}"
EndProject
Project("{9A19103F-16F7-4668-BE54-9A1E7A4F7556}") = "learn", "week03\learn\learn.csproj", "{3CC28857-E141-45A0-A3DE-0C9BC17F94AD}"
EndProject
Project("{9A19103F-16F7-4668-BE54-9A1E7A4F7556}") = "teach", "week03\teach\teach.csproj", "{A3D3BDEC-6CC2-42B3-BF97-710FFC9CD2B2}"
EndProject
Project("{2150E333-8FDC-42A3-9474-1A3956D46DE8}") = "week04", "week04", "{38DD360A-48E0-4A89-8D14-F091B6251AFE}"
EndProject
Project("{9A19103F-16F7-4668-BE54-9A1E7A4F7556}") = "code", "week04\code\code.csproj", "{DFB05507-88F2-4CD5-A33C-F4F74A7F7C6B}"
EndProject
Project("{2150E333-8FDC-42A3-9474-1A3956D46DE8}") = "week05", "week05", "{95169487-FA30-47BE-B178-1637A0FAAA5D}"
EndProject
Project("{9A19103F-16F7-4668-BE54-9A1E7A4F7556}") = "code", "week05\code\code.csproj", "{FFAE8110-2DC8-4502-BDA2-7247EFAF045E}"
EndProject
Project("{2150E333-8FDC-42A3-9474-1A3956D46DE8}") = "week06", "week06", "{6C5639EE-E625-4BF9-A317-AF406966B405}"
EndProject
Project("{9A19103F-16F7-4668-BE54-9A1E7A4F7556}") = "code", "week06\code\code.csproj", "{BB6476FB-CE72-4EBF-BB94-F5AB45DE003C}"
EndProject
Global
	GlobalSection(SolutionConfigurationPlatforms) = preSolution
		Debug|Any CPU = Debug|Any CPU
		Release|Any CPU = Release|Any CPU
	EndGlobalSection
	GlobalSection(ProjectConfigurationPlatforms) = postSolution
		{DCDC22CD-5BA2-4574-9DD4-FB570F383515}.Debug|Any CPU.ActiveCfg = Debug|Any CPU
		{DCDC22CD-5BA2-4574-9DD4-FB570F383515}.Debug|Any CPU.Build.0 = Debug|Any CPU
		{DCDC22CD-5BA2-4574-9DD4-FB570F383515}.Release|Any CPU.ActiveCfg = Release|Any CPU
		{DCDC22CD-5BA2-4574-9DD4-FB570F383515}.Release|Any CPU.Build.0 = Release|Any CPU
		{12C78EC9-2D64-4B52-B6AB-CE024B604BC0}.Debug|Any CPU.ActiveCfg = Debug|Any CPU
		{12C78EC9-2D64-4B52-B6AB-CE024B604BC0}.Debug|Any CPU.Build.0 = Debug|Any CPU
		{12C78EC9-2D64-4B52-B6AB-CE024B604BC0}.Release|Any CPU.ActiveCfg = Release|Any CPU
		{12C78EC9-2D64-4B52-B6AB-CE024B604BC0}.Release|Any CPU.Build.0 = Release|Any CPU
		{D3F05B20-6E02-4B79-822F-2F318D5236F1}.Debug|Any CPU.ActiveCfg = Debug|Any CPU
		{D3F05B20-6E02-4B79-822F-2F318D5236F1}.Debug|Any CPU.Build.0 = Debug|Any CPU
		{D3F05B20-6E02-4B79-822F-2F318D5236F1}.Release|Any CPU.ActiveCfg = Release|Any CPU
		{D3F05B20-6E02-4B79-822F-2F318D5236F1}.Release|Any CPU.Build.0 = Release|Any CPU
		{98DB3E87-4C1A-4781-910C-2018A2D292C7}.Debug|Any CPU.ActiveCfg = Debug|Any CPU
		{98DB3E87-4C1A-4781-910C-2018A2D292C7}.Debug|Any CPU.Build.0 = Debug|Any CPU
		{98DB3E87-4C1A-4781-910C-2018A2D292C7}.Release|Any CPU.ActiveCfg = Release|Any CPU
		{98DB3E87-4C1A-4781-910C-2018A2D292C7}.Release|Any CPU.Build.0 = Release|Any CPU
		{B904AC2F-89DC-4B00-9F1E-E1B5447A1F3B}.Debug|Any CPU.ActiveCfg = Debug|Any CPU
		{B904AC2F-89DC-4B00-9F1E-E1B5447A1F3B}.Debug|Any CPU.Build.0 = Debug|Any CPU
		{B904AC2F-89DC-4B00-9F1E-E1B5447A1F3B}.Release|Any CPU.ActiveCfg = Release|Any CPU
		{B904AC2F-89DC-4B00-9F1E-E1B5447A1F3B}.Release|Any CPU.Build.0 = Release|Any CPU
		{A8AE2F45-6D1B-4242-A03F-32FCF5190ECA}.Debug|Any CPU.ActiveCfg = Debug|Any CPU
		{A8AE2F45-6D1B-4242-A03F-32FCF5190ECA}.Debug|Any CPU.Build.0 = Debug|Any CPU
		{A8AE2F45-6D1B-4242-A03F-32FCF5190ECA}.Release|Any CPU.ActiveCfg = Release|Any CPU
		{A8AE2F45-6D1B-4242-A03F-32FCF5190ECA}.Release|Any CPU.Build.0 = Release|Any CPU
		{78792548-5F67-4D7D-B2BD-AEFB9D705870}.Debug|Any CPU.ActiveCfg = Debug|Any CPU
		{78792548-5F67-4D7D-B2BD-AEFB9D705870}.Debug|Any CPU.Build.0 = Debug|Any CPU
		{78792548-5F67-4D7D-B2BD-AEFB9D705870}.Release|Any CPU.ActiveCfg = Release|Any CPU
		{78792548-5F67-4D7D-B2BD-AEFB9D705870}.Release|Any CPU.Build.0 = Release|Any CPU
		{8E7A4C1D-56F8-4A8D-859C-E2C55D7A5F64}.Debug|Any CPU.ActiveCfg = Debug|Any CPU
		{8E7A4C1D-56F8-4A8D-859C-E2C55D7A5F64}.Debug|Any CPU.Build.0 = Debug|Any CPU
		{8E7A4C1D-56F8-4A8D-859C-E2C55D7A5F64}.Release|Any CPU.ActiveCfg = Release|Any CPU
		{8E7A4C1D-56F8-4A8D-859C-E2C55D7A5F64}.Release|Any CPU.Build.0 = Release|Any CPU
		{EEBB0213-E976-4FE4-AD7F-C93663A86FAE}.Debug|Any CPU.ActiveCfg = Debug|Any CPU
		{EEBB0213-E976-4FE4-AD7F-C93663A86FAE}.Debug|Any CPU.Build.0 = Debug|Any CPU
		{EEBB0213-E976-4FE4-AD7F-C93663A86FAE}.Release|Any CPU.ActiveCfg = Release|Any CPU
		{EEBB0213-E976-4FE4-AD7F-C93663A86FAE}.Release|Any CPU.Build.0 = Release|Any CPU
		{3CC28857-E141-45A0-A3DE-0C9BC17F94AD}.Debug|Any CPU.ActiveCfg = Debug|Any CPU
		{3CC28857-E141-45A0-A3DE-0C9BC17F94AD}.Debug|Any CPU.Build.0 = Debug|Any CPU
		{3CC28857-E141-45A0-A3DE-0C9BC17F94AD}.Release|Any CPU.ActiveCfg = Release|Any CPU
		{3CC28857-E141-45A0-A3DE-0C9BC17F94AD}.Release|Any CPU.Build.0 = Release|Any CPU
		{A3D3BDEC-6CC2-42B3-BF97-710FFC9CD2B2}.Debug|Any CPU.ActiveCfg = Debug|Any CPU
		{A3D3BDEC-6CC2-42B3-BF97-710FFC9CD2B2}.Debug|Any CPU.Build.0 = Debug|Any CPU
		{A3D3BDEC-6CC2-42B3-BF97-710FFC9CD2B2}.Release|Any CPU.ActiveCfg = Release|Any CPU
		{A3D3BDEC-6CC2-42B3-BF97-710FFC9CD2B2}.Release|Any CPU.Build.0 = Release|Any CPU
		{DFB05507-88F2-4CD5-A33C-F4F74A7F7C6B}.Debug|Any CPU.ActiveCfg = Debug|Any CPU
		{DFB05507-88F2-4CD5-A33C-F4F74A7F7C6B}.Debug|Any CPU.Build.0 = Debug|Any CPU
		{DFB05507-88F2-4CD5-A33C-F4F74A7F7C6B}.Release|Any CPU.ActiveCfg = Release|Any CPU
		{DFB05507-88F2-4CD5-A33C-F4F74A7F7C6B}.Release|Any CPU.Build.0 = Release|Any CPU
		{FFAE8110-2DC8-4502-BDA2-7247EFAF045E}.Debug|Any CPU.ActiveCfg = Debug|Any CPU
		{FFAE8110-2DC8-4502-BDA2-7247EFAF045E}.Debug|Any CPU.Build.0 = Debug|Any CPU
		{FFAE8110-2DC8-4502-BDA2-7247EFAF045E}.Release|Any CPU.ActiveCfg = Release|Any CPU
		{FFAE8110-2DC8-4502-BDA2-7247EFAF045E}.Release|Any CPU.Build.0 = Release|Any CPU
		{BB6476FB-CE72-4EBF-BB94-F5AB45DE003C}.Debug|Any CPU.ActiveCfg = Debug|Any CPU
		{BB6476FB-CE72-4EBF-BB94-F5AB45DE003C}.Debug|Any CPU.Build.0 = Debug|Any CPU
		{BB6476FB-CE72-4EBF-BB94-F5AB45DE003C}.Release|Any CPU.ActiveCfg = Release|Any CPU
		{BB6476FB-CE72-4EBF-BB94-F5AB45DE003C}.Release|Any CPU.Build.0 = Release|Any CPU
	EndGlobalSection
	GlobalSection(SolutionProperties) = preSolution
		HideSolutionNode = FALSE
	EndGlobalSection
	GlobalSection(NestedProjects) = preSolution
		{DCDC22CD-5BA2-4574-9DD4-FB570F383515} = {2DD42244-FCDB-48B8-B602-FE19DBF6C8E1}
		{12C78EC9-2D64-4B52-B6AB-CE024B604BC0} = {9536A19C-9B08-4F58-809F-DF5CACDF633B}
		{D3F05B20-6E02-4B79-822F-2F318D5236F1} = {9536A19C-9B08-4F58-809F-DF5CACDF633B}
		{98DB3E87-4C1A-4781-910C-2018A2D292C7} = {9536A19C-9B08-4F58-809F-DF5CACDF633B}
		{B904AC2F-89DC-4B00-9F1E-E1B5447A1F3B} = {66008782-701F-4A61-ABC0-D24D325102E4}
		{A8AE2F45-6D1B-4242-A03F-32FCF5190ECA} = {66008782-701F-4A61-ABC0-D24D325102E4}
		{78792548-5F67-4D7D-B2BD-AEFB9D705870} = {66008782-701F-4A61-ABC0-D24D325102E4}
		{8E7A4C1D-56F8-4A8D-859C-E2C55D7A5F64} = {66008782-701F-4A61-ABC0-D24D325102E4}
		{EEBB0213-E976-4FE4-AD7F-C93663A86FAE} = {676AA854-A56A-454D-8B14-D9AE5DF87D39}
		{3CC28857-E141-45A0-A3DE-0C9BC17F94AD} = {676AA854-A56A-454D-8B14-D9AE5DF87D39}
		{A3D3BDEC-6CC2-42B3-BF97-710FFC9CD2B2} = {676AA854-A56A-454D-8B14-D9AE5DF87D39}
		{DFB05507-88F2-4CD5-A33C-F4F74A7F7C6B} = {38DD360A-48E0-4A89-8D14-F091B6251AFE}
		{FFAE8110-2DC8-4502-BDA2-7247EFAF045E} = {95169487-FA30-47BE-B178-1637A0FAAA5D}
		{BB6476FB-CE72-4EBF-BB94-F5AB45DE003C} = {6C5639EE-E625-4BF9-A317-AF406966B405}
	EndGlobalSection
	GlobalSection(ExtensibilityGlobals) = postSolution
		SolutionGuid = {F9E37A6B-DE31-4192-BDCD-BD910265ED50}
	EndGlobalSection
EndGlobal
